<?xml version="1.0" encoding="utf-8"?>
<Project ToolsVersion="4.0" xmlns="http://schemas.microsoft.com/developer/msbuild/2003">
  <ItemGroup>
    <Filter Include="Graphics">
      <UniqueIdentifier>{372ba39a-68ee-4d79-b352-2d43cb1a198c}</UniqueIdentifier>
    </Filter>
    <Filter Include="DataStructures">
      <UniqueIdentifier>{cf8f2f69-8556-4198-a4d7-a0c20b559865}</UniqueIdentifier>
    </Filter>
    <Filter Include="Engine">
      <UniqueIdentifier>{a09ba981-24df-456c-97c7-df94a26916ef}</UniqueIdentifier>
    </Filter>
  </ItemGroup>
  <ItemGroup>
    <ClInclude Include="WindowDesc.h">
      <Filter>Graphics</Filter>
    </ClInclude>
    <ClInclude Include="GraphicsDesc.h">
      <Filter>Graphics</Filter>
    </ClInclude>
    <ClInclude Include="Color.h">
      <Filter>DataStructures</Filter>
    </ClInclude>
    <ClInclude Include="Size.h">
      <Filter>DataStructures</Filter>
    </ClInclude>
    <ClInclude Include="Scene.h">
      <Filter>Graphics</Filter>
    </ClInclude>
    <ClInclude Include="Engine.h">
      <Filter>Engine</Filter>
    </ClInclude>
    <ClInclude Include="QRoseEngineCore.h" />
  </ItemGroup>
  <ItemGroup>
    <ClCompile Include="Size.cpp">
      <Filter>DataStructures</Filter>
    </ClCompile>
    <ClCompile Include="Color.cpp">
      <Filter>DataStructures</Filter>
    </ClCompile>
    <ClCompile Include="GraphicsDesc.cpp">
      <Filter>Graphics</Filter>
    </ClCompile>
  </ItemGroup>
</Project>